
Microsoft Visual Studio Solution File, Format Version 12.00
# Visual Studio Version 16
VisualStudioVersion = 16.0.31829.152
MinimumVisualStudioVersion = 10.0.40219.1
Project("{FAE04EC0-301F-11D3-BF4B-00C04F79EFBC}") = "GameSaleProject", "GameSaleExamp\GameSaleProject.csproj", "{4D1FF5D0-84DD-42B2-BD25-C6C4248A2969}"
EndProject
Global
	GlobalSection(SolutionConfigurationPlatforms) = preSolution
		Debug|Any CPU = Debug|Any CPU
		Release|Any CPU = Release|Any CPU
	EndGlobalSection
	GlobalSection(ProjectConfigurationPlatforms) = postSolution
		{4D1FF5D0-84DD-42B2-BD25-C6C4248A2969}.Debug|Any CPU.ActiveCfg = Debug|Any CPU
		{4D1FF5D0-84DD-42B2-BD25-C6C4248A2969}.Debug|Any CPU.Build.0 = Debug|Any CPU
		{4D1FF5D0-84DD-42B2-BD25-C6C4248A2969}.Release|Any CPU.ActiveCfg = Release|Any CPU
		{4D1FF5D0-84DD-42B2-BD25-C6C4248A2969}.Release|Any CPU.Build.0 = Release|Any CPU
	EndGlobalSection
	GlobalSection(SolutionProperties) = preSolution
		HideSolutionNode = FALSE
	EndGlobalSection
	GlobalSection(ExtensibilityGlobals) = postSolution
		SolutionGuid = {5F12AFEE-224F-4AB8-98D4-29FD4EA6CB01}
	EndGlobalSection
EndGlobal
